
Microsoft Visual Studio Solution File, Format Version 12.00
# Visual Studio Version 17
VisualStudioVersion = 17.0.31903.59
MinimumVisualStudioVersion = 10.0.40219.1
Project("{2150E333-8FDC-42A3-9474-1A3956D46DE8}") = "src", "src", "{827E0CD3-B72D-47B6-A68D-7590B98EB39B}"
EndProject
Project("{FAE04EC0-301F-11D3-BF4B-00C04F79EFBC}") = "Keva.Core", "src\Keva.Core\Keva.Core.csproj", "{322B8F44-CF8A-435C-88E7-E75DAAAC1789}"
EndProject
Project("{FAE04EC0-301F-11D3-BF4B-00C04F79EFBC}") = "Keva.Client", "src\Keva.Client\Keva.Client.csproj", "{E3EC7E0D-F76E-45CE-9D92-BFBD89728ED8}"
EndProject
Project("{FAE04EC0-301F-11D3-BF4B-00C04F79EFBC}") = "Keva.Extensions.DependencyInjection", "src\Keva.Extensions.DependencyInjection\Keva.Extensions.DependencyInjection.csproj", "{078F18C3-817A-4932-9342-CA14944EE0AD}"
EndProject
Project("{FAE04EC0-301F-11D3-BF4B-00C04F79EFBC}") = "Keva.Core.Tests", "tests\Keva.Core.Tests\Keva.Core.Tests.csproj", "{5BBC699A-1A11-47BA-A40E-55B4E44E9276}"
EndProject
Project("{FAE04EC0-301F-11D3-BF4B-00C04F79EFBC}") = "Keva.Client.Tests", "tests\Keva.Client.Tests\Keva.Client.Tests.csproj", "{EDE945D7-F77E-4006-91A7-2894761FDC03}"
EndProject
Project("{FAE04EC0-301F-11D3-BF4B-00C04F79EFBC}") = "Keva.Benchmarks", "benchmarks\Keva.Benchmarks\Keva.Benchmarks.csproj", "{90AE8B52-2C2C-4FE0-9F4C-69807DCE1C03}"
EndProject
Project("{FAE04EC0-301F-11D3-BF4B-00C04F79EFBC}") = "Keva.Samples.Basic", "samples\Keva.Samples.Basic\Keva.Samples.Basic.csproj", "{170B6863-91AC-4AE3-8BCF-E19508051D59}"
EndProject
Project("{FAE04EC0-301F-11D3-BF4B-00C04F79EFBC}") = "Keva.Compression", "src\Keva.Compression\Keva.Compression.csproj", "{3B898C23-2458-4E9E-A67D-B2136D4A177C}"
EndProject
Project("{FAE04EC0-301F-11D3-BF4B-00C04F79EFBC}") = "Keva.Serialization.Json", "src\Keva.Serialization.Json\Keva.Serialization.Json.csproj", "{A4B77EF0-0918-467F-B3E8-5A3E15A8EB23}"
EndProject
Project("{FAE04EC0-301F-11D3-BF4B-00C04F79EFBC}") = "Keva.Serialization.MessagePack", "src\Keva.Serialization.MessagePack\Keva.Serialization.MessagePack.csproj", "{2F5A601E-1A81-4C11-89BA-A53A1C11A06B}"
EndProject
Project("{FAE04EC0-301F-11D3-BF4B-00C04F79EFBC}") = "Keva.Resilience", "src\Keva.Resilience\Keva.Resilience.csproj", "{C83B6757-6E38-4FD8-8DA3-3489DE8C593E}"
EndProject
Project("{FAE04EC0-301F-11D3-BF4B-00C04F79EFBC}") = "Keva.Telemetry", "src\Keva.Telemetry\Keva.Telemetry.csproj", "{EADAD785-2657-4328-BA26-7E02251D94A7}"
EndProject
Project("{FAE04EC0-301F-11D3-BF4B-00C04F79EFBC}") = "Keva.Caching", "src\Keva.Caching\Keva.Caching.csproj", "{246FD5D5-226C-467A-868C-BC34FF0B34BE}"
EndProject
Global
	GlobalSection(SolutionConfigurationPlatforms) = preSolution
		Debug|Any CPU = Debug|Any CPU
		Debug|x64 = Debug|x64
		Debug|x86 = Debug|x86
		Release|Any CPU = Release|Any CPU
		Release|x64 = Release|x64
		Release|x86 = Release|x86
	EndGlobalSection
	GlobalSection(ProjectConfigurationPlatforms) = postSolution
		{322B8F44-CF8A-435C-88E7-E75DAAAC1789}.Debug|Any CPU.ActiveCfg = Debug|Any CPU
		{322B8F44-CF8A-435C-88E7-E75DAAAC1789}.Debug|Any CPU.Build.0 = Debug|Any CPU
		{322B8F44-CF8A-435C-88E7-E75DAAAC1789}.Debug|x64.ActiveCfg = Debug|Any CPU
		{322B8F44-CF8A-435C-88E7-E75DAAAC1789}.Debug|x64.Build.0 = Debug|Any CPU
		{322B8F44-CF8A-435C-88E7-E75DAAAC1789}.Debug|x86.ActiveCfg = Debug|Any CPU
		{322B8F44-CF8A-435C-88E7-E75DAAAC1789}.Debug|x86.Build.0 = Debug|Any CPU
		{322B8F44-CF8A-435C-88E7-E75DAAAC1789}.Release|Any CPU.ActiveCfg = Release|Any CPU
		{322B8F44-CF8A-435C-88E7-E75DAAAC1789}.Release|Any CPU.Build.0 = Release|Any CPU
		{322B8F44-CF8A-435C-88E7-E75DAAAC1789}.Release|x64.ActiveCfg = Release|Any CPU
		{322B8F44-CF8A-435C-88E7-E75DAAAC1789}.Release|x64.Build.0 = Release|Any CPU
		{322B8F44-CF8A-435C-88E7-E75DAAAC1789}.Release|x86.ActiveCfg = Release|Any CPU
		{322B8F44-CF8A-435C-88E7-E75DAAAC1789}.Release|x86.Build.0 = Release|Any CPU
		{E3EC7E0D-F76E-45CE-9D92-BFBD89728ED8}.Debug|Any CPU.ActiveCfg = Debug|Any CPU
		{E3EC7E0D-F76E-45CE-9D92-BFBD89728ED8}.Debug|Any CPU.Build.0 = Debug|Any CPU
		{E3EC7E0D-F76E-45CE-9D92-BFBD89728ED8}.Debug|x64.ActiveCfg = Debug|Any CPU
		{E3EC7E0D-F76E-45CE-9D92-BFBD89728ED8}.Debug|x64.Build.0 = Debug|Any CPU
		{E3EC7E0D-F76E-45CE-9D92-BFBD89728ED8}.Debug|x86.ActiveCfg = Debug|Any CPU
		{E3EC7E0D-F76E-45CE-9D92-BFBD89728ED8}.Debug|x86.Build.0 = Debug|Any CPU
		{E3EC7E0D-F76E-45CE-9D92-BFBD89728ED8}.Release|Any CPU.ActiveCfg = Release|Any CPU
		{E3EC7E0D-F76E-45CE-9D92-BFBD89728ED8}.Release|Any CPU.Build.0 = Release|Any CPU
		{E3EC7E0D-F76E-45CE-9D92-BFBD89728ED8}.Release|x64.ActiveCfg = Release|Any CPU
		{E3EC7E0D-F76E-45CE-9D92-BFBD89728ED8}.Release|x64.Build.0 = Release|Any CPU
		{E3EC7E0D-F76E-45CE-9D92-BFBD89728ED8}.Release|x86.ActiveCfg = Release|Any CPU
		{E3EC7E0D-F76E-45CE-9D92-BFBD89728ED8}.Release|x86.Build.0 = Release|Any CPU
		{078F18C3-817A-4932-9342-CA14944EE0AD}.Debug|Any CPU.ActiveCfg = Debug|Any CPU
		{078F18C3-817A-4932-9342-CA14944EE0AD}.Debug|Any CPU.Build.0 = Debug|Any CPU
		{078F18C3-817A-4932-9342-CA14944EE0AD}.Debug|x64.ActiveCfg = Debug|Any CPU
		{078F18C3-817A-4932-9342-CA14944EE0AD}.Debug|x64.Build.0 = Debug|Any CPU
		{078F18C3-817A-4932-9342-CA14944EE0AD}.Debug|x86.ActiveCfg = Debug|Any CPU
		{078F18C3-817A-4932-9342-CA14944EE0AD}.Debug|x86.Build.0 = Debug|Any CPU
		{078F18C3-817A-4932-9342-CA14944EE0AD}.Release|Any CPU.ActiveCfg = Release|Any CPU
		{078F18C3-817A-4932-9342-CA14944EE0AD}.Release|Any CPU.Build.0 = Release|Any CPU
		{078F18C3-817A-4932-9342-CA14944EE0AD}.Release|x64.ActiveCfg = Release|Any CPU
		{078F18C3-817A-4932-9342-CA14944EE0AD}.Release|x64.Build.0 = Release|Any CPU
		{078F18C3-817A-4932-9342-CA14944EE0AD}.Release|x86.ActiveCfg = Release|Any CPU
		{078F18C3-817A-4932-9342-CA14944EE0AD}.Release|x86.Build.0 = Release|Any CPU
		{5BBC699A-1A11-47BA-A40E-55B4E44E9276}.Debug|Any CPU.ActiveCfg = Debug|Any CPU
		{5BBC699A-1A11-47BA-A40E-55B4E44E9276}.Debug|Any CPU.Build.0 = Debug|Any CPU
		{5BBC699A-1A11-47BA-A40E-55B4E44E9276}.Debug|x64.ActiveCfg = Debug|Any CPU
		{5BBC699A-1A11-47BA-A40E-55B4E44E9276}.Debug|x64.Build.0 = Debug|Any CPU
		{5BBC699A-1A11-47BA-A40E-55B4E44E9276}.Debug|x86.ActiveCfg = Debug|Any CPU
		{5BBC699A-1A11-47BA-A40E-55B4E44E9276}.Debug|x86.Build.0 = Debug|Any CPU
		{5BBC699A-1A11-47BA-A40E-55B4E44E9276}.Release|Any CPU.ActiveCfg = Release|Any CPU
		{5BBC699A-1A11-47BA-A40E-55B4E44E9276}.Release|Any CPU.Build.0 = Release|Any CPU
		{5BBC699A-1A11-47BA-A40E-55B4E44E9276}.Release|x64.ActiveCfg = Release|Any CPU
		{5BBC699A-1A11-47BA-A40E-55B4E44E9276}.Release|x64.Build.0 = Release|Any CPU
		{5BBC699A-1A11-47BA-A40E-55B4E44E9276}.Release|x86.ActiveCfg = Release|Any CPU
		{5BBC699A-1A11-47BA-A40E-55B4E44E9276}.Release|x86.Build.0 = Release|Any CPU
		{EDE945D7-F77E-4006-91A7-2894761FDC03}.Debug|Any CPU.ActiveCfg = Debug|Any CPU
		{EDE945D7-F77E-4006-91A7-2894761FDC03}.Debug|Any CPU.Build.0 = Debug|Any CPU
		{EDE945D7-F77E-4006-91A7-2894761FDC03}.Debug|x64.ActiveCfg = Debug|Any CPU
		{EDE945D7-F77E-4006-91A7-2894761FDC03}.Debug|x64.Build.0 = Debug|Any CPU
		{EDE945D7-F77E-4006-91A7-2894761FDC03}.Debug|x86.ActiveCfg = Debug|Any CPU
		{EDE945D7-F77E-4006-91A7-2894761FDC03}.Debug|x86.Build.0 = Debug|Any CPU
		{EDE945D7-F77E-4006-91A7-2894761FDC03}.Release|Any CPU.ActiveCfg = Release|Any CPU
		{EDE945D7-F77E-4006-91A7-2894761FDC03}.Release|Any CPU.Build.0 = Release|Any CPU
		{EDE945D7-F77E-4006-91A7-2894761FDC03}.Release|x64.ActiveCfg = Release|Any CPU
		{EDE945D7-F77E-4006-91A7-2894761FDC03}.Release|x64.Build.0 = Release|Any CPU
		{EDE945D7-F77E-4006-91A7-2894761FDC03}.Release|x86.ActiveCfg = Release|Any CPU
		{EDE945D7-F77E-4006-91A7-2894761FDC03}.Release|x86.Build.0 = Release|Any CPU
		{90AE8B52-2C2C-4FE0-9F4C-69807DCE1C03}.Debug|Any CPU.ActiveCfg = Debug|Any CPU
		{90AE8B52-2C2C-4FE0-9F4C-69807DCE1C03}.Debug|Any CPU.Build.0 = Debug|Any CPU
		{90AE8B52-2C2C-4FE0-9F4C-69807DCE1C03}.Debug|x64.ActiveCfg = Debug|Any CPU
		{90AE8B52-2C2C-4FE0-9F4C-69807DCE1C03}.Debug|x64.Build.0 = Debug|Any CPU
		{90AE8B52-2C2C-4FE0-9F4C-69807DCE1C03}.Debug|x86.ActiveCfg = Debug|Any CPU
		{90AE8B52-2C2C-4FE0-9F4C-69807DCE1C03}.Debug|x86.Build.0 = Debug|Any CPU
		{90AE8B52-2C2C-4FE0-9F4C-69807DCE1C03}.Release|Any CPU.ActiveCfg = Release|Any CPU
		{90AE8B52-2C2C-4FE0-9F4C-69807DCE1C03}.Release|Any CPU.Build.0 = Release|Any CPU
		{90AE8B52-2C2C-4FE0-9F4C-69807DCE1C03}.Release|x64.ActiveCfg = Release|Any CPU
		{90AE8B52-2C2C-4FE0-9F4C-69807DCE1C03}.Release|x64.Build.0 = Release|Any CPU
		{90AE8B52-2C2C-4FE0-9F4C-69807DCE1C03}.Release|x86.ActiveCfg = Release|Any CPU
		{90AE8B52-2C2C-4FE0-9F4C-69807DCE1C03}.Release|x86.Build.0 = Release|Any CPU
		{170B6863-91AC-4AE3-8BCF-E19508051D59}.Debug|Any CPU.ActiveCfg = Debug|Any CPU
		{170B6863-91AC-4AE3-8BCF-E19508051D59}.Debug|Any CPU.Build.0 = Debug|Any CPU
		{170B6863-91AC-4AE3-8BCF-E19508051D59}.Debug|x64.ActiveCfg = Debug|Any CPU
		{170B6863-91AC-4AE3-8BCF-E19508051D59}.Debug|x64.Build.0 = Debug|Any CPU
		{170B6863-91AC-4AE3-8BCF-E19508051D59}.Debug|x86.ActiveCfg = Debug|Any CPU
		{170B6863-91AC-4AE3-8BCF-E19508051D59}.Debug|x86.Build.0 = Debug|Any CPU
		{170B6863-91AC-4AE3-8BCF-E19508051D59}.Release|Any CPU.ActiveCfg = Release|Any CPU
		{170B6863-91AC-4AE3-8BCF-E19508051D59}.Release|Any CPU.Build.0 = Release|Any CPU
		{170B6863-91AC-4AE3-8BCF-E19508051D59}.Release|x64.ActiveCfg = Release|Any CPU
		{170B6863-91AC-4AE3-8BCF-E19508051D59}.Release|x64.Build.0 = Release|Any CPU
		{170B6863-91AC-4AE3-8BCF-E19508051D59}.Release|x86.ActiveCfg = Release|Any CPU
		{170B6863-91AC-4AE3-8BCF-E19508051D59}.Release|x86.Build.0 = Release|Any CPU
		{3B898C23-2458-4E9E-A67D-B2136D4A177C}.Debug|Any CPU.ActiveCfg = Debug|Any CPU
		{3B898C23-2458-4E9E-A67D-B2136D4A177C}.Debug|Any CPU.Build.0 = Debug|Any CPU
		{3B898C23-2458-4E9E-A67D-B2136D4A177C}.Debug|x64.ActiveCfg = Debug|Any CPU
		{3B898C23-2458-4E9E-A67D-B2136D4A177C}.Debug|x64.Build.0 = Debug|Any CPU
		{3B898C23-2458-4E9E-A67D-B2136D4A177C}.Debug|x86.ActiveCfg = Debug|Any CPU
		{3B898C23-2458-4E9E-A67D-B2136D4A177C}.Debug|x86.Build.0 = Debug|Any CPU
		{3B898C23-2458-4E9E-A67D-B2136D4A177C}.Release|Any CPU.ActiveCfg = Release|Any CPU
		{3B898C23-2458-4E9E-A67D-B2136D4A177C}.Release|Any CPU.Build.0 = Release|Any CPU
		{3B898C23-2458-4E9E-A67D-B2136D4A177C}.Release|x64.ActiveCfg = Release|Any CPU
		{3B898C23-2458-4E9E-A67D-B2136D4A177C}.Release|x64.Build.0 = Release|Any CPU
		{3B898C23-2458-4E9E-A67D-B2136D4A177C}.Release|x86.ActiveCfg = Release|Any CPU
		{3B898C23-2458-4E9E-A67D-B2136D4A177C}.Release|x86.Build.0 = Release|Any CPU
		{A4B77EF0-0918-467F-B3E8-5A3E15A8EB23}.Debug|Any CPU.ActiveCfg = Debug|Any CPU
		{A4B77EF0-0918-467F-B3E8-5A3E15A8EB23}.Debug|Any CPU.Build.0 = Debug|Any CPU
		{A4B77EF0-0918-467F-B3E8-5A3E15A8EB23}.Debug|x64.ActiveCfg = Debug|Any CPU
		{A4B77EF0-0918-467F-B3E8-5A3E15A8EB23}.Debug|x64.Build.0 = Debug|Any CPU
		{A4B77EF0-0918-467F-B3E8-5A3E15A8EB23}.Debug|x86.ActiveCfg = Debug|Any CPU
		{A4B77EF0-0918-467F-B3E8-5A3E15A8EB23}.Debug|x86.Build.0 = Debug|Any CPU
		{A4B77EF0-0918-467F-B3E8-5A3E15A8EB23}.Release|Any CPU.ActiveCfg = Release|Any CPU
		{A4B77EF0-0918-467F-B3E8-5A3E15A8EB23}.Release|Any CPU.Build.0 = Release|Any CPU
		{A4B77EF0-0918-467F-B3E8-5A3E15A8EB23}.Release|x64.ActiveCfg = Release|Any CPU
		{A4B77EF0-0918-467F-B3E8-5A3E15A8EB23}.Release|x64.Build.0 = Release|Any CPU
		{A4B77EF0-0918-467F-B3E8-5A3E15A8EB23}.Release|x86.ActiveCfg = Release|Any CPU
		{A4B77EF0-0918-467F-B3E8-5A3E15A8EB23}.Release|x86.Build.0 = Release|Any CPU
		{2F5A601E-1A81-4C11-89BA-A53A1C11A06B}.Debug|Any CPU.ActiveCfg = Debug|Any CPU
		{2F5A601E-1A81-4C11-89BA-A53A1C11A06B}.Debug|Any CPU.Build.0 = Debug|Any CPU
		{2F5A601E-1A81-4C11-89BA-A53A1C11A06B}.Debug|x64.ActiveCfg = Debug|Any CPU
		{2F5A601E-1A81-4C11-89BA-A53A1C11A06B}.Debug|x64.Build.0 = Debug|Any CPU
		{2F5A601E-1A81-4C11-89BA-A53A1C11A06B}.Debug|x86.ActiveCfg = Debug|Any CPU
		{2F5A601E-1A81-4C11-89BA-A53A1C11A06B}.Debug|x86.Build.0 = Debug|Any CPU
		{2F5A601E-1A81-4C11-89BA-A53A1C11A06B}.Release|Any CPU.ActiveCfg = Release|Any CPU
		{2F5A601E-1A81-4C11-89BA-A53A1C11A06B}.Release|Any CPU.Build.0 = Release|Any CPU
		{2F5A601E-1A81-4C11-89BA-A53A1C11A06B}.Release|x64.ActiveCfg = Release|Any CPU
		{2F5A601E-1A81-4C11-89BA-A53A1C11A06B}.Release|x64.Build.0 = Release|Any CPU
		{2F5A601E-1A81-4C11-89BA-A53A1C11A06B}.Release|x86.ActiveCfg = Release|Any CPU
		{2F5A601E-1A81-4C11-89BA-A53A1C11A06B}.Release|x86.Build.0 = Release|Any CPU
		{C83B6757-6E38-4FD8-8DA3-3489DE8C593E}.Debug|Any CPU.ActiveCfg = Debug|Any CPU
		{C83B6757-6E38-4FD8-8DA3-3489DE8C593E}.Debug|Any CPU.Build.0 = Debug|Any CPU
		{C83B6757-6E38-4FD8-8DA3-3489DE8C593E}.Debug|x64.ActiveCfg = Debug|Any CPU
		{C83B6757-6E38-4FD8-8DA3-3489DE8C593E}.Debug|x64.Build.0 = Debug|Any CPU
		{C83B6757-6E38-4FD8-8DA3-3489DE8C593E}.Debug|x86.ActiveCfg = Debug|Any CPU
		{C83B6757-6E38-4FD8-8DA3-3489DE8C593E}.Debug|x86.Build.0 = Debug|Any CPU
		{C83B6757-6E38-4FD8-8DA3-3489DE8C593E}.Release|Any CPU.ActiveCfg = Release|Any CPU
		{C83B6757-6E38-4FD8-8DA3-3489DE8C593E}.Release|Any CPU.Build.0 = Release|Any CPU
		{C83B6757-6E38-4FD8-8DA3-3489DE8C593E}.Release|x64.ActiveCfg = Release|Any CPU
		{C83B6757-6E38-4FD8-8DA3-3489DE8C593E}.Release|x64.Build.0 = Release|Any CPU
		{C83B6757-6E38-4FD8-8DA3-3489DE8C593E}.Release|x86.ActiveCfg = Release|Any CPU
		{C83B6757-6E38-4FD8-8DA3-3489DE8C593E}.Release|x86.Build.0 = Release|Any CPU
		{EADAD785-2657-4328-BA26-7E02251D94A7}.Debug|Any CPU.ActiveCfg = Debug|Any CPU
		{EADAD785-2657-4328-BA26-7E02251D94A7}.Debug|Any CPU.Build.0 = Debug|Any CPU
		{EADAD785-2657-4328-BA26-7E02251D94A7}.Debug|x64.ActiveCfg = Debug|Any CPU
		{EADAD785-2657-4328-BA26-7E02251D94A7}.Debug|x64.Build.0 = Debug|Any CPU
		{EADAD785-2657-4328-BA26-7E02251D94A7}.Debug|x86.ActiveCfg = Debug|Any CPU
		{EADAD785-2657-4328-BA26-7E02251D94A7}.Debug|x86.Build.0 = Debug|Any CPU
		{EADAD785-2657-4328-BA26-7E02251D94A7}.Release|Any CPU.ActiveCfg = Release|Any CPU
		{EADAD785-2657-4328-BA26-7E02251D94A7}.Release|Any CPU.Build.0 = Release|Any CPU
		{EADAD785-2657-4328-BA26-7E02251D94A7}.Release|x64.ActiveCfg = Release|Any CPU
		{EADAD785-2657-4328-BA26-7E02251D94A7}.Release|x64.Build.0 = Release|Any CPU
		{EADAD785-2657-4328-BA26-7E02251D94A7}.Release|x86.ActiveCfg = Release|Any CPU
		{EADAD785-2657-4328-BA26-7E02251D94A7}.Release|x86.Build.0 = Release|Any CPU
		{246FD5D5-226C-467A-868C-BC34FF0B34BE}.Debug|Any CPU.ActiveCfg = Debug|Any CPU
		{246FD5D5-226C-467A-868C-BC34FF0B34BE}.Debug|Any CPU.Build.0 = Debug|Any CPU
		{246FD5D5-226C-467A-868C-BC34FF0B34BE}.Debug|x64.ActiveCfg = Debug|Any CPU
		{246FD5D5-226C-467A-868C-BC34FF0B34BE}.Debug|x64.Build.0 = Debug|Any CPU
		{246FD5D5-226C-467A-868C-BC34FF0B34BE}.Debug|x86.ActiveCfg = Debug|Any CPU
		{246FD5D5-226C-467A-868C-BC34FF0B34BE}.Debug|x86.Build.0 = Debug|Any CPU
		{246FD5D5-226C-467A-868C-BC34FF0B34BE}.Release|Any CPU.ActiveCfg = Release|Any CPU
		{246FD5D5-226C-467A-868C-BC34FF0B34BE}.Release|Any CPU.Build.0 = Release|Any CPU
		{246FD5D5-226C-467A-868C-BC34FF0B34BE}.Release|x64.ActiveCfg = Release|Any CPU
		{246FD5D5-226C-467A-868C-BC34FF0B34BE}.Release|x64.Build.0 = Release|Any CPU
		{246FD5D5-226C-467A-868C-BC34FF0B34BE}.Release|x86.ActiveCfg = Release|Any CPU
		{246FD5D5-226C-467A-868C-BC34FF0B34BE}.Release|x86.Build.0 = Release|Any CPU
	EndGlobalSection
	GlobalSection(SolutionProperties) = preSolution
		HideSolutionNode = FALSE
	EndGlobalSection
	GlobalSection(NestedProjects) = preSolution
		{322B8F44-CF8A-435C-88E7-E75DAAAC1789} = {827E0CD3-B72D-47B6-A68D-7590B98EB39B}
		{E3EC7E0D-F76E-45CE-9D92-BFBD89728ED8} = {827E0CD3-B72D-47B6-A68D-7590B98EB39B}
		{078F18C3-817A-4932-9342-CA14944EE0AD} = {827E0CD3-B72D-47B6-A68D-7590B98EB39B}
		{5BBC699A-1A11-47BA-A40E-55B4E44E9276} = {827E0CD3-B72D-47B6-A68D-7590B98EB39B}
		{EDE945D7-F77E-4006-91A7-2894761FDC03} = {827E0CD3-B72D-47B6-A68D-7590B98EB39B}
		{90AE8B52-2C2C-4FE0-9F4C-69807DCE1C03} = {827E0CD3-B72D-47B6-A68D-7590B98EB39B}
		{170B6863-91AC-4AE3-8BCF-E19508051D59} = {827E0CD3-B72D-47B6-A68D-7590B98EB39B}
		{3B898C23-2458-4E9E-A67D-B2136D4A177C} = {827E0CD3-B72D-47B6-A68D-7590B98EB39B}
		{A4B77EF0-0918-467F-B3E8-5A3E15A8EB23} = {827E0CD3-B72D-47B6-A68D-7590B98EB39B}
		{2F5A601E-1A81-4C11-89BA-A53A1C11A06B} = {827E0CD3-B72D-47B6-A68D-7590B98EB39B}
		{C83B6757-6E38-4FD8-8DA3-3489DE8C593E} = {827E0CD3-B72D-47B6-A68D-7590B98EB39B}
		{EADAD785-2657-4328-BA26-7E02251D94A7} = {827E0CD3-B72D-47B6-A68D-7590B98EB39B}
		{246FD5D5-226C-467A-868C-BC34FF0B34BE} = {827E0CD3-B72D-47B6-A68D-7590B98EB39B}
	EndGlobalSection
EndGlobal
