
Microsoft Visual Studio Solution File, Format Version 12.00
# Visual Studio Version 17
VisualStudioVersion = 17.0.31903.59
MinimumVisualStudioVersion = 10.0.40219.1
Project("{2150E333-8FDC-42A3-9474-1A3956D46DE8}") = "src", "src", "{827E0CD3-B72D-47B6-A68D-7590B98EB39B}"
EndProject
Project("{FAE04EC0-301F-11D3-BF4B-00C04F79EFBC}") = "Respire", "src\Respire\Respire.csproj", "{322B8F44-CF8A-435C-88E7-E75DAAAC1789}"
EndProject
Project("{FAE04EC0-301F-11D3-BF4B-00C04F79EFBC}") = "Respire.Tests", "tests\Respire.Tests\Respire.Tests.csproj", "{5BBC699A-1A11-47BA-A40E-55B4E44E9276}"
EndProject
Project("{FAE04EC0-301F-11D3-BF4B-00C04F79EFBC}") = "Respire.Benchmarks", "benchmarks\Respire.Benchmarks\Respire.Benchmarks.csproj", "{90AE8B52-2C2C-4FE0-9F4C-69807DCE1C03}"
EndProject
Project("{FAE04EC0-301F-11D3-BF4B-00C04F79EFBC}") = "Respire.Samples.Basic", "samples\Respire.Samples.Basic\Respire.Samples.Basic.csproj", "{170B6863-91AC-4AE3-8BCF-E19508051D59}"
EndProject
Project("{FAE04EC0-301F-11D3-BF4B-00C04F79EFBC}") = "Respire.Pipeline", "Respire.Pipeline\Respire.Pipeline.csproj", "{2C53373F-4B0E-4436-AF77-0599D5DEEEEC}"
EndProject
Project("{2150E333-8FDC-42A3-9474-1A3956D46DE8}") = "tests", "tests", "{0AB3BF05-4346-4AA6-1389-037BE0695223}"
EndProject
Project("{FAE04EC0-301F-11D3-BF4B-00C04F79EFBC}") = "Respire.IntegrationTests", "tests\Respire.IntegrationTests\Respire.IntegrationTests.csproj", "{3F526874-ED34-465E-8F2C-B5A085E825C6}"
EndProject
Project("{2150E333-8FDC-42A3-9474-1A3956D46DE8}") = "Samples", "Samples", "{EBA9E260-4783-4CF3-AE9A-1C48252B43E6}"
EndProject
Global
	GlobalSection(SolutionConfigurationPlatforms) = preSolution
		Debug|Any CPU = Debug|Any CPU
		Debug|x64 = Debug|x64
		Debug|x86 = Debug|x86
		Release|Any CPU = Release|Any CPU
		Release|x64 = Release|x64
		Release|x86 = Release|x86
	EndGlobalSection
	GlobalSection(ProjectConfigurationPlatforms) = postSolution
		{322B8F44-CF8A-435C-88E7-E75DAAAC1789}.Debug|Any CPU.ActiveCfg = Debug|Any CPU
		{322B8F44-CF8A-435C-88E7-E75DAAAC1789}.Debug|Any CPU.Build.0 = Debug|Any CPU
		{322B8F44-CF8A-435C-88E7-E75DAAAC1789}.Debug|x64.ActiveCfg = Debug|Any CPU
		{322B8F44-CF8A-435C-88E7-E75DAAAC1789}.Debug|x64.Build.0 = Debug|Any CPU
		{322B8F44-CF8A-435C-88E7-E75DAAAC1789}.Debug|x86.ActiveCfg = Debug|Any CPU
		{322B8F44-CF8A-435C-88E7-E75DAAAC1789}.Debug|x86.Build.0 = Debug|Any CPU
		{322B8F44-CF8A-435C-88E7-E75DAAAC1789}.Release|Any CPU.ActiveCfg = Release|Any CPU
		{322B8F44-CF8A-435C-88E7-E75DAAAC1789}.Release|Any CPU.Build.0 = Release|Any CPU
		{322B8F44-CF8A-435C-88E7-E75DAAAC1789}.Release|x64.ActiveCfg = Release|Any CPU
		{322B8F44-CF8A-435C-88E7-E75DAAAC1789}.Release|x64.Build.0 = Release|Any CPU
		{322B8F44-CF8A-435C-88E7-E75DAAAC1789}.Release|x86.ActiveCfg = Release|Any CPU
		{322B8F44-CF8A-435C-88E7-E75DAAAC1789}.Release|x86.Build.0 = Release|Any CPU
		{5BBC699A-1A11-47BA-A40E-55B4E44E9276}.Debug|Any CPU.ActiveCfg = Debug|Any CPU
		{5BBC699A-1A11-47BA-A40E-55B4E44E9276}.Debug|Any CPU.Build.0 = Debug|Any CPU
		{5BBC699A-1A11-47BA-A40E-55B4E44E9276}.Debug|x64.ActiveCfg = Debug|Any CPU
		{5BBC699A-1A11-47BA-A40E-55B4E44E9276}.Debug|x64.Build.0 = Debug|Any CPU
		{5BBC699A-1A11-47BA-A40E-55B4E44E9276}.Debug|x86.ActiveCfg = Debug|Any CPU
		{5BBC699A-1A11-47BA-A40E-55B4E44E9276}.Debug|x86.Build.0 = Debug|Any CPU
		{5BBC699A-1A11-47BA-A40E-55B4E44E9276}.Release|Any CPU.ActiveCfg = Release|Any CPU
		{5BBC699A-1A11-47BA-A40E-55B4E44E9276}.Release|Any CPU.Build.0 = Release|Any CPU
		{5BBC699A-1A11-47BA-A40E-55B4E44E9276}.Release|x64.ActiveCfg = Release|Any CPU
		{5BBC699A-1A11-47BA-A40E-55B4E44E9276}.Release|x64.Build.0 = Release|Any CPU
		{5BBC699A-1A11-47BA-A40E-55B4E44E9276}.Release|x86.ActiveCfg = Release|Any CPU
		{5BBC699A-1A11-47BA-A40E-55B4E44E9276}.Release|x86.Build.0 = Release|Any CPU
		{90AE8B52-2C2C-4FE0-9F4C-69807DCE1C03}.Debug|Any CPU.ActiveCfg = Debug|Any CPU
		{90AE8B52-2C2C-4FE0-9F4C-69807DCE1C03}.Debug|Any CPU.Build.0 = Debug|Any CPU
		{90AE8B52-2C2C-4FE0-9F4C-69807DCE1C03}.Debug|x64.ActiveCfg = Debug|Any CPU
		{90AE8B52-2C2C-4FE0-9F4C-69807DCE1C03}.Debug|x64.Build.0 = Debug|Any CPU
		{90AE8B52-2C2C-4FE0-9F4C-69807DCE1C03}.Debug|x86.ActiveCfg = Debug|Any CPU
		{90AE8B52-2C2C-4FE0-9F4C-69807DCE1C03}.Debug|x86.Build.0 = Debug|Any CPU
		{90AE8B52-2C2C-4FE0-9F4C-69807DCE1C03}.Release|Any CPU.ActiveCfg = Release|Any CPU
		{90AE8B52-2C2C-4FE0-9F4C-69807DCE1C03}.Release|Any CPU.Build.0 = Release|Any CPU
		{90AE8B52-2C2C-4FE0-9F4C-69807DCE1C03}.Release|x64.ActiveCfg = Release|Any CPU
		{90AE8B52-2C2C-4FE0-9F4C-69807DCE1C03}.Release|x64.Build.0 = Release|Any CPU
		{90AE8B52-2C2C-4FE0-9F4C-69807DCE1C03}.Release|x86.ActiveCfg = Release|Any CPU
		{90AE8B52-2C2C-4FE0-9F4C-69807DCE1C03}.Release|x86.Build.0 = Release|Any CPU
		{170B6863-91AC-4AE3-8BCF-E19508051D59}.Debug|Any CPU.ActiveCfg = Debug|Any CPU
		{170B6863-91AC-4AE3-8BCF-E19508051D59}.Debug|Any CPU.Build.0 = Debug|Any CPU
		{170B6863-91AC-4AE3-8BCF-E19508051D59}.Debug|x64.ActiveCfg = Debug|Any CPU
		{170B6863-91AC-4AE3-8BCF-E19508051D59}.Debug|x64.Build.0 = Debug|Any CPU
		{170B6863-91AC-4AE3-8BCF-E19508051D59}.Debug|x86.ActiveCfg = Debug|Any CPU
		{170B6863-91AC-4AE3-8BCF-E19508051D59}.Debug|x86.Build.0 = Debug|Any CPU
		{170B6863-91AC-4AE3-8BCF-E19508051D59}.Release|Any CPU.ActiveCfg = Release|Any CPU
		{170B6863-91AC-4AE3-8BCF-E19508051D59}.Release|Any CPU.Build.0 = Release|Any CPU
		{170B6863-91AC-4AE3-8BCF-E19508051D59}.Release|x64.ActiveCfg = Release|Any CPU
		{170B6863-91AC-4AE3-8BCF-E19508051D59}.Release|x64.Build.0 = Release|Any CPU
		{170B6863-91AC-4AE3-8BCF-E19508051D59}.Release|x86.ActiveCfg = Release|Any CPU
		{170B6863-91AC-4AE3-8BCF-E19508051D59}.Release|x86.Build.0 = Release|Any CPU
		{2C53373F-4B0E-4436-AF77-0599D5DEEEEC}.Debug|Any CPU.ActiveCfg = Debug|Any CPU
		{2C53373F-4B0E-4436-AF77-0599D5DEEEEC}.Debug|Any CPU.Build.0 = Debug|Any CPU
		{2C53373F-4B0E-4436-AF77-0599D5DEEEEC}.Debug|x64.ActiveCfg = Debug|Any CPU
		{2C53373F-4B0E-4436-AF77-0599D5DEEEEC}.Debug|x64.Build.0 = Debug|Any CPU
		{2C53373F-4B0E-4436-AF77-0599D5DEEEEC}.Debug|x86.ActiveCfg = Debug|Any CPU
		{2C53373F-4B0E-4436-AF77-0599D5DEEEEC}.Debug|x86.Build.0 = Debug|Any CPU
		{2C53373F-4B0E-4436-AF77-0599D5DEEEEC}.Release|Any CPU.ActiveCfg = Release|Any CPU
		{2C53373F-4B0E-4436-AF77-0599D5DEEEEC}.Release|Any CPU.Build.0 = Release|Any CPU
		{2C53373F-4B0E-4436-AF77-0599D5DEEEEC}.Release|x64.ActiveCfg = Release|Any CPU
		{2C53373F-4B0E-4436-AF77-0599D5DEEEEC}.Release|x64.Build.0 = Release|Any CPU
		{2C53373F-4B0E-4436-AF77-0599D5DEEEEC}.Release|x86.ActiveCfg = Release|Any CPU
		{2C53373F-4B0E-4436-AF77-0599D5DEEEEC}.Release|x86.Build.0 = Release|Any CPU
		{3F526874-ED34-465E-8F2C-B5A085E825C6}.Debug|Any CPU.ActiveCfg = Debug|Any CPU
		{3F526874-ED34-465E-8F2C-B5A085E825C6}.Debug|Any CPU.Build.0 = Debug|Any CPU
		{3F526874-ED34-465E-8F2C-B5A085E825C6}.Debug|x64.ActiveCfg = Debug|Any CPU
		{3F526874-ED34-465E-8F2C-B5A085E825C6}.Debug|x64.Build.0 = Debug|Any CPU
		{3F526874-ED34-465E-8F2C-B5A085E825C6}.Debug|x86.ActiveCfg = Debug|Any CPU
		{3F526874-ED34-465E-8F2C-B5A085E825C6}.Debug|x86.Build.0 = Debug|Any CPU
		{3F526874-ED34-465E-8F2C-B5A085E825C6}.Release|Any CPU.ActiveCfg = Release|Any CPU
		{3F526874-ED34-465E-8F2C-B5A085E825C6}.Release|Any CPU.Build.0 = Release|Any CPU
		{3F526874-ED34-465E-8F2C-B5A085E825C6}.Release|x64.ActiveCfg = Release|Any CPU
		{3F526874-ED34-465E-8F2C-B5A085E825C6}.Release|x64.Build.0 = Release|Any CPU
		{3F526874-ED34-465E-8F2C-B5A085E825C6}.Release|x86.ActiveCfg = Release|Any CPU
		{3F526874-ED34-465E-8F2C-B5A085E825C6}.Release|x86.Build.0 = Release|Any CPU
	EndGlobalSection
	GlobalSection(SolutionProperties) = preSolution
		HideSolutionNode = FALSE
	EndGlobalSection
	GlobalSection(NestedProjects) = preSolution
		{322B8F44-CF8A-435C-88E7-E75DAAAC1789} = {827E0CD3-B72D-47B6-A68D-7590B98EB39B}
		{90AE8B52-2C2C-4FE0-9F4C-69807DCE1C03} = {827E0CD3-B72D-47B6-A68D-7590B98EB39B}
		{3F526874-ED34-465E-8F2C-B5A085E825C6} = {0AB3BF05-4346-4AA6-1389-037BE0695223}
		{5BBC699A-1A11-47BA-A40E-55B4E44E9276} = {0AB3BF05-4346-4AA6-1389-037BE0695223}
		{170B6863-91AC-4AE3-8BCF-E19508051D59} = {EBA9E260-4783-4CF3-AE9A-1C48252B43E6}
	EndGlobalSection
EndGlobal
