<Solution>
  <Configurations>
    <Platform Name="Any CPU" />
    <Platform Name="x64" />
    <Platform Name="x86" />
  </Configurations>
  <Folder Name="/benchmarks/">
    <Project Path="benchmarks/Respire.ComparisonBenchmarks/Respire.ComparisonBenchmarks.csproj" />
  </Folder>
  <Folder Name="/Samples/">
    <Project Path="samples/Respire.Samples.Aspire.AppHost/Respire.Samples.Aspire.AppHost.csproj" />
    <Project Path="samples/Respire.Samples.Aspire.Api/Respire.Samples.Aspire.Api.csproj" />
    <Project Path="samples/Respire.Samples.AspNetCore/Respire.Samples.AspNetCore.csproj" />
    <Project Path="samples/Respire.Samples.Azure/Respire.Samples.Azure.csproj" />
    <Project Path="samples/Respire.Samples.Basic/Respire.Samples.Basic.csproj" />
    <Project Path="samples/Respire.Samples.Cluster/Respire.Samples.Cluster.csproj" />
    <Project Path="samples/Respire.Samples.Mappers/Respire.Samples.Mappers.csproj" />
    <Project Path="samples/Respire.Samples.Observability/Respire.Samples.Observability.csproj" />
    <Project Path="samples/Respire.Samples.Sentinel/Respire.Samples.Sentinel.csproj" />
    <Project Path="samples/Respire.Samples.Testing/Respire.Samples.Testing.csproj" />
    <Project Path="samples/Respire.Samples.VectorData/Respire.Samples.VectorData.csproj" />
  </Folder>
  <Folder Name="/src/">
    <Project Path="src/Aspire.Respire/Aspire.Respire.csproj" />
    <Project Path="src/Aspire.Respire.DistributedCaching/Aspire.Respire.DistributedCaching.csproj" />
    <Project Path="src/Aspire.Respire.HybridCaching/Aspire.Respire.HybridCaching.csproj" />
    <Project Path="src/Aspire.Respire.OutputCaching/Aspire.Respire.OutputCaching.csproj" />
    <Project Path="benchmarks/Respire.Benchmarks/Respire.Benchmarks.csproj" />
    <Project Path="src/Respire.Analyzers/Respire.Analyzers.csproj" />
    <Project Path="src/Respire.Compression.Lz4/Respire.Compression.Lz4.csproj" />
    <Project Path="src/Respire.Compression.Zstd/Respire.Compression.Zstd.csproj" />
    <Project Path="src/Respire.Azure/Respire.Azure.csproj" />
    <Project Path="src/Respire.Caching.Hybrid/Respire.Caching.Hybrid.csproj" />
    <Project Path="src/Respire.Caching/Respire.Caching.csproj" />
    <Project Path="src/Respire.FusionCache/Respire.FusionCache.csproj" />
    <Project Path="src/Respire.DependencyInjection/Respire.DependencyInjection.csproj" />
    <Project Path="src/Respire.DataProtection/Respire.DataProtection.csproj" />
    <Project Path="src/Respire.HealthChecks/Respire.HealthChecks.csproj" />
    <Project Path="src/Respire.Json/Respire.Json.csproj" />
    <Project Path="src/Respire.OutputCaching/Respire.OutputCaching.csproj" />
    <Project Path="src/Respire.Search/Respire.Search.csproj" />
    <Project Path="src/Respire.SignalR/Respire.SignalR.csproj" />
    <Project Path="src/Respire.Streaming/Respire.Streaming.csproj" />
    <Project Path="src/Respire.StackExchangeCompat/Respire.StackExchangeCompat.csproj" />
    <Project Path="src/Respire.TimeSeries/Respire.TimeSeries.csproj" />
    <Project Path="src/Respire.VectorData/Respire.VectorData.csproj" />
    <Project Path="src/Respire.Testing.Containers/Respire.Testing.Containers.csproj" />
    <Project Path="src/Respire.Coordination/Respire.Coordination.csproj" />
    <Project Path="src/Respire.Aws/Respire.Aws.csproj" />
    <Project Path="src/Respire.Probabilistic/Respire.Probabilistic.csproj" />
    <Project Path="src/Respire/Respire.csproj" />
    <Project Path="src/Respire.Testing/Respire.Testing.csproj" />
  </Folder>
  <Folder Name="/tests/">
    <Project Path="tests/Aspire.Respire.IntegrationTests/Aspire.Respire.IntegrationTests.csproj" />
    <Project Path="tests/Aspire.Respire.Tests/Aspire.Respire.Tests.csproj" />
    <Project Path="tests/Respire.HealthChecks.Tests/Respire.HealthChecks.Tests.csproj" />
    <Project Path="tests/Respire.Azure.Tests/Respire.Azure.Tests.csproj" />
    <Project Path="tests/Respire.Analyzers.Tests/Respire.Analyzers.Tests.csproj" />
    <Project Path="tests/Respire.Caching.Hybrid.Tests/Respire.Caching.Hybrid.Tests.csproj" />
    <Project Path="tests/Respire.Caching.Tests/Respire.Caching.Tests.csproj" />
    <Project Path="tests/Respire.FusionCache.Tests/Respire.FusionCache.Tests.csproj" />
    <Project Path="tests/Respire.DataProtection.Tests/Respire.DataProtection.Tests.csproj" />
    <Project Path="tests/Respire.IntegrationTests/Respire.IntegrationTests.csproj" />
    <Project Path="tests/Respire.Pipeline.Tests/Respire.Pipeline.Tests.csproj" />
    <Project Path="tests/Respire.Coordination.Tests/Respire.Coordination.Tests.csproj" />
    <Project Path="tests/Respire.Tests/Respire.Tests.csproj" />
    <Project Path="tests/Respire.SignalR.Tests/Respire.SignalR.Tests.csproj" />
    <Project Path="tests/Respire.Streaming.Tests/Respire.Streaming.Tests.csproj" />
    <Project Path="tests/Respire.StackExchangeCompat.Tests/Respire.StackExchangeCompat.Tests.csproj" />
    <Project Path="tests/Respire.VectorData.Tests/Respire.VectorData.Tests.csproj" />
  </Folder>
  <Folder Name="/tools/">
    <Project Path="tools/Respire.StressTests/Respire.StressTests.csproj" />
  </Folder>
  <Project Path="Respire.Pipeline/Respire.Pipeline.csproj" />
</Solution>
